
Microsoft Visual Studio Solution File, Format Version 12.00
# Visual Studio Version 16
VisualStudioVersion = 16.0.30804.86
MinimumVisualStudioVersion = 10.0.40219.1
Project("{FAE04EC0-301F-11D3-BF4B-00C04F79EFBC}") = "DataAccess", "DataAccess\DataAccess.csproj", "{8734E61F-3067-4F81-BCD0-7EE61DE588E2}"
EndProject
Project("{FAE04EC0-301F-11D3-BF4B-00C04F79EFBC}") = "Business", "Business\Business.csproj", "{BD4FC200-41C5-423C-9012-D5569A97DF54}"
EndProject
Project("{FAE04EC0-301F-11D3-BF4B-00C04F79EFBC}") = "Entities", "Entities\Entities.csproj", "{72C97341-3975-467F-A5C6-80135C66D054}"
EndProject
Project("{FAE04EC0-301F-11D3-BF4B-00C04F79EFBC}") = "ConsoleUI", "ConsoleUI\ConsoleUI.csproj", "{346484DD-0411-4206-BF58-A0BB1CD4CFAD}"
EndProject
Global
	GlobalSection(SolutionConfigurationPlatforms) = preSolution
		Debug|Any CPU = Debug|Any CPU
		Release|Any CPU = Release|Any CPU
	EndGlobalSection
	GlobalSection(ProjectConfigurationPlatforms) = postSolution
		{8734E61F-3067-4F81-BCD0-7EE61DE588E2}.Debug|Any CPU.ActiveCfg = Debug|Any CPU
		{8734E61F-3067-4F81-BCD0-7EE61DE588E2}.Debug|Any CPU.Build.0 = Debug|Any CPU
		{8734E61F-3067-4F81-BCD0-7EE61DE588E2}.Release|Any CPU.ActiveCfg = Release|Any CPU
		{8734E61F-3067-4F81-BCD0-7EE61DE588E2}.Release|Any CPU.Build.0 = Release|Any CPU
		{BD4FC200-41C5-423C-9012-D5569A97DF54}.Debug|Any CPU.ActiveCfg = Debug|Any CPU
		{BD4FC200-41C5-423C-9012-D5569A97DF54}.Debug|Any CPU.Build.0 = Debug|Any CPU
		{BD4FC200-41C5-423C-9012-D5569A97DF54}.Release|Any CPU.ActiveCfg = Release|Any CPU
		{BD4FC200-41C5-423C-9012-D5569A97DF54}.Release|Any CPU.Build.0 = Release|Any CPU
		{72C97341-3975-467F-A5C6-80135C66D054}.Debug|Any CPU.ActiveCfg = Debug|Any CPU
		{72C97341-3975-467F-A5C6-80135C66D054}.Debug|Any CPU.Build.0 = Debug|Any CPU
		{72C97341-3975-467F-A5C6-80135C66D054}.Release|Any CPU.ActiveCfg = Release|Any CPU
		{72C97341-3975-467F-A5C6-80135C66D054}.Release|Any CPU.Build.0 = Release|Any CPU
		{346484DD-0411-4206-BF58-A0BB1CD4CFAD}.Debug|Any CPU.ActiveCfg = Debug|Any CPU
		{346484DD-0411-4206-BF58-A0BB1CD4CFAD}.Debug|Any CPU.Build.0 = Debug|Any CPU
		{346484DD-0411-4206-BF58-A0BB1CD4CFAD}.Release|Any CPU.ActiveCfg = Release|Any CPU
		{346484DD-0411-4206-BF58-A0BB1CD4CFAD}.Release|Any CPU.Build.0 = Release|Any CPU
	EndGlobalSection
	GlobalSection(SolutionProperties) = preSolution
		HideSolutionNode = FALSE
	EndGlobalSection
	GlobalSection(ExtensibilityGlobals) = postSolution
		SolutionGuid = {F500AFB8-124E-4D95-A18C-7C656F6F1209}
	EndGlobalSection
EndGlobal
